
Microsoft Visual Studio Solution File, Format Version 12.00
# Visual Studio Version 17
VisualStudioVersion = 17.8.34309.116
MinimumVisualStudioVersion = 10.0.40219.1
Project("{00D1A9C2-B5F0-4AF3-8072-F6C62B433612}") = "DiscoverEDSDB", "DiscoverEDSDB\DiscoverEDSDB.sqlproj", "{A3F63266-A2F6-4450-B660-0716836A0AD1}"
EndProject
Global
	GlobalSection(SolutionConfigurationPlatforms) = preSolution
		Debug|Any CPU = Debug|Any CPU
		Release|Any CPU = Release|Any CPU
	EndGlobalSection
	GlobalSection(ProjectConfigurationPlatforms) = postSolution
		{A3F63266-A2F6-4450-B660-0716836A0AD1}.Debug|Any CPU.ActiveCfg = Debug|Any CPU
		{A3F63266-A2F6-4450-B660-0716836A0AD1}.Debug|Any CPU.Build.0 = Debug|Any CPU
		{A3F63266-A2F6-4450-B660-0716836A0AD1}.Debug|Any CPU.Deploy.0 = Debug|Any CPU
		{A3F63266-A2F6-4450-B660-0716836A0AD1}.Release|Any CPU.ActiveCfg = Release|Any CPU
		{A3F63266-A2F6-4450-B660-0716836A0AD1}.Release|Any CPU.Build.0 = Release|Any CPU
		{A3F63266-A2F6-4450-B660-0716836A0AD1}.Release|Any CPU.Deploy.0 = Release|Any CPU
	EndGlobalSection
	GlobalSection(SolutionProperties) = preSolution
		HideSolutionNode = FALSE
	EndGlobalSection
	GlobalSection(ExtensibilityGlobals) = postSolution
		SolutionGuid = {3A4806C3-E2E8-415D-B1EF-881E527FE2E7}
	EndGlobalSection
EndGlobal
